
Microsoft Visual Studio Solution File, Format Version 12.00
# Visual Studio Version 16
VisualStudioVersion = 16.0.808.4
MinimumVisualStudioVersion = 10.0.40219.1
Project("{FAE04EC0-301F-11D3-BF4B-00C04F79EFBC}") = "DietaApp", "DietaApp.csproj", "{B4065853-6569-4B5B-AD00-DD758A8139D9}"
EndProject
Global
	GlobalSection(SolutionConfigurationPlatforms) = preSolution
		Debug|Any CPU = Debug|Any CPU
		Release|Any CPU = Release|Any CPU
	EndGlobalSection
	GlobalSection(ProjectConfigurationPlatforms) = postSolution
		{B4065853-6569-4B5B-AD00-DD758A8139D9}.Debug|Any CPU.ActiveCfg = Debug|Any CPU
		{B4065853-6569-4B5B-AD00-DD758A8139D9}.Debug|Any CPU.Build.0 = Debug|Any CPU
		{B4065853-6569-4B5B-AD00-DD758A8139D9}.Release|Any CPU.ActiveCfg = Release|Any CPU
		{B4065853-6569-4B5B-AD00-DD758A8139D9}.Release|Any CPU.Build.0 = Release|Any CPU
	EndGlobalSection
	GlobalSection(SolutionProperties) = preSolution
		HideSolutionNode = FALSE
	EndGlobalSection
	GlobalSection(ExtensibilityGlobals) = postSolution
		SolutionGuid = {0A1C6618-4FAD-452A-A438-AD0FA64C17D3}
	EndGlobalSection
EndGlobal
